
Microsoft Visual Studio Solution File, Format Version 12.00
# Visual Studio Version 16
VisualStudioVersion = 16.0.29905.134
MinimumVisualStudioVersion = 10.0.40219.1
Project("{FAE04EC0-301F-11D3-BF4B-00C04F79EFBC}") = "m-mall-api", "m-mall-api\m-mall-api.csproj", "{E9324609-9E5E-455E-AD5F-5CB6EE155F63}"
EndProject
Project("{FAE04EC0-301F-11D3-BF4B-00C04F79EFBC}") = "m-mall-model", "m-mall-model\m-mall-model.csproj", "{837F3BA6-2EAC-472E-A757-0EBC10EE9763}"
EndProject
Global
	GlobalSection(SolutionConfigurationPlatforms) = preSolution
		Debug|Any CPU = Debug|Any CPU
		Release|Any CPU = Release|Any CPU
	EndGlobalSection
	GlobalSection(ProjectConfigurationPlatforms) = postSolution
		{E9324609-9E5E-455E-AD5F-5CB6EE155F63}.Debug|Any CPU.ActiveCfg = Debug|Any CPU
		{E9324609-9E5E-455E-AD5F-5CB6EE155F63}.Debug|Any CPU.Build.0 = Debug|Any CPU
		{E9324609-9E5E-455E-AD5F-5CB6EE155F63}.Release|Any CPU.ActiveCfg = Release|Any CPU
		{E9324609-9E5E-455E-AD5F-5CB6EE155F63}.Release|Any CPU.Build.0 = Release|Any CPU
		{837F3BA6-2EAC-472E-A757-0EBC10EE9763}.Debug|Any CPU.ActiveCfg = Debug|Any CPU
		{837F3BA6-2EAC-472E-A757-0EBC10EE9763}.Debug|Any CPU.Build.0 = Debug|Any CPU
		{837F3BA6-2EAC-472E-A757-0EBC10EE9763}.Release|Any CPU.ActiveCfg = Release|Any CPU
		{837F3BA6-2EAC-472E-A757-0EBC10EE9763}.Release|Any CPU.Build.0 = Release|Any CPU
	EndGlobalSection
	GlobalSection(SolutionProperties) = preSolution
		HideSolutionNode = FALSE
	EndGlobalSection
	GlobalSection(ExtensibilityGlobals) = postSolution
		SolutionGuid = {B078D987-353F-4AF8-AD89-51EF6ED20E84}
	EndGlobalSection
EndGlobal
